
Microsoft Visual Studio Solution File, Format Version 12.00
# Visual Studio Version 16
VisualStudioVersion = 16.0.34601.136
MinimumVisualStudioVersion = 10.0.40219.1
Project("{FAE04EC0-301F-11D3-BF4B-00C04F79EFBC}") = "DigitalBook", "praktika\DigitalBook.csproj", "{359816CA-0D6C-47B6-A2DB-26AAAA52B8C4}"
EndProject
Project("{FAE04EC0-301F-11D3-BF4B-00C04F79EFBC}") = "Note", "Note\Note.csproj", "{669AF921-DF5A-4C0D-8BD7-1C5C4EFE710C}"
EndProject
Project("{FAE04EC0-301F-11D3-BF4B-00C04F79EFBC}") = "Reminder", "Reminder\Reminder.csproj", "{A723DAA8-2CA6-44F3-85D1-012A859777E6}"
EndProject
Project("{FAE04EC0-301F-11D3-BF4B-00C04F79EFBC}") = "ReminderElements", "ReminderElements\ReminderElements.csproj", "{FE9B8CC8-343B-4DC8-B445-FEF438831ECD}"
EndProject
Project("{FAE04EC0-301F-11D3-BF4B-00C04F79EFBC}") = "Tasks", "Tasks\Tasks.csproj", "{8E53ACB3-81BF-4F7F-9A56-7466ACEF6DAD}"
EndProject
Global
	GlobalSection(SolutionConfigurationPlatforms) = preSolution
		Debug|Any CPU = Debug|Any CPU
		Release|Any CPU = Release|Any CPU
	EndGlobalSection
	GlobalSection(ProjectConfigurationPlatforms) = postSolution
		{359816CA-0D6C-47B6-A2DB-26AAAA52B8C4}.Debug|Any CPU.ActiveCfg = Debug|Any CPU
		{359816CA-0D6C-47B6-A2DB-26AAAA52B8C4}.Debug|Any CPU.Build.0 = Debug|Any CPU
		{359816CA-0D6C-47B6-A2DB-26AAAA52B8C4}.Release|Any CPU.ActiveCfg = Release|Any CPU
		{359816CA-0D6C-47B6-A2DB-26AAAA52B8C4}.Release|Any CPU.Build.0 = Release|Any CPU
		{669AF921-DF5A-4C0D-8BD7-1C5C4EFE710C}.Debug|Any CPU.ActiveCfg = Debug|Any CPU
		{669AF921-DF5A-4C0D-8BD7-1C5C4EFE710C}.Debug|Any CPU.Build.0 = Debug|Any CPU
		{669AF921-DF5A-4C0D-8BD7-1C5C4EFE710C}.Release|Any CPU.ActiveCfg = Release|Any CPU
		{669AF921-DF5A-4C0D-8BD7-1C5C4EFE710C}.Release|Any CPU.Build.0 = Release|Any CPU
		{A723DAA8-2CA6-44F3-85D1-012A859777E6}.Debug|Any CPU.ActiveCfg = Debug|Any CPU
		{A723DAA8-2CA6-44F3-85D1-012A859777E6}.Debug|Any CPU.Build.0 = Debug|Any CPU
		{A723DAA8-2CA6-44F3-85D1-012A859777E6}.Release|Any CPU.ActiveCfg = Release|Any CPU
		{A723DAA8-2CA6-44F3-85D1-012A859777E6}.Release|Any CPU.Build.0 = Release|Any CPU
		{FE9B8CC8-343B-4DC8-B445-FEF438831ECD}.Debug|Any CPU.ActiveCfg = Debug|Any CPU
		{FE9B8CC8-343B-4DC8-B445-FEF438831ECD}.Debug|Any CPU.Build.0 = Debug|Any CPU
		{FE9B8CC8-343B-4DC8-B445-FEF438831ECD}.Release|Any CPU.ActiveCfg = Release|Any CPU
		{FE9B8CC8-343B-4DC8-B445-FEF438831ECD}.Release|Any CPU.Build.0 = Release|Any CPU
		{8E53ACB3-81BF-4F7F-9A56-7466ACEF6DAD}.Debug|Any CPU.ActiveCfg = Debug|Any CPU
		{8E53ACB3-81BF-4F7F-9A56-7466ACEF6DAD}.Debug|Any CPU.Build.0 = Debug|Any CPU
		{8E53ACB3-81BF-4F7F-9A56-7466ACEF6DAD}.Release|Any CPU.ActiveCfg = Release|Any CPU
		{8E53ACB3-81BF-4F7F-9A56-7466ACEF6DAD}.Release|Any CPU.Build.0 = Release|Any CPU
	EndGlobalSection
	GlobalSection(SolutionProperties) = preSolution
		HideSolutionNode = FALSE
	EndGlobalSection
	GlobalSection(ExtensibilityGlobals) = postSolution
		SolutionGuid = {693BEFFC-8DFA-43D1-B5B5-FA7AE37CD9B4}
	EndGlobalSection
EndGlobal
